// !$*UTF8*$!
{
	archiveVersion = 1;
	classes = {
	};
	objectVersion = 46;
	objects = {

/* Begin PBXBuildFile section */
		3328AF511F00A3FC00D8AF1E /* KeychainWriter.mm in Sources */ = {isa = PBXBuildFile; fileRef = 3328AF4A1F00A3FC00D8AF1E /* KeychainWriter.mm */; };
		3328AF521F00A3FC00D8AF1E /* KeychainWriter.mm in Sources */ = {isa = PBXBuildFile; fileRef = 3328AF4A1F00A3FC00D8AF1E /* KeychainWriter.mm */; };
		3328AF531F00A3FC00D8AF1E /* LoginCredential.mm in Sources */ = {isa = PBXBuildFile; fileRef = 3328AF4C1F00A3FC00D8AF1E /* LoginCredential.mm */; };
		3328AF541F00A3FC00D8AF1E /* LoginCredential.mm in Sources */ = {isa = PBXBuildFile; fileRef = 3328AF4C1F00A3FC00D8AF1E /* LoginCredential.mm */; };
		3328AF551F00A3FC00D8AF1E /* LoginStore.mm in Sources */ = {isa = PBXBuildFile; fileRef = 3328AF4E1F00A3FC00D8AF1E /* LoginStore.mm */; };
		3328AF561F00A3FC00D8AF1E /* LoginStore.mm in Sources */ = {isa = PBXBuildFile; fileRef = 3328AF4E1F00A3FC00D8AF1E /* LoginStore.mm */; };
		3328AF571F00A3FC00D8AF1E /* PasswordDecryptor.mm in Sources */ = {isa = PBXBuildFile; fileRef = 3328AF501F00A3FC00D8AF1E /* PasswordDecryptor.mm */; };
		3328AF581F00A3FC00D8AF1E /* PasswordDecryptor.mm in Sources */ = {isa = PBXBuildFile; fileRef = 3328AF501F00A3FC00D8AF1E /* PasswordDecryptor.mm */; };
		3352D1921EFD67CD005A47EA /* libstdc++.tbd in Frameworks */ = {isa = PBXBuildFile; fileRef = 3352D1911EFD67CD005A47EA /* libstdc++.tbd */; };
		338F4F931F0015920007AB1C /* AppDelegate.m in Sources */ = {isa = PBXBuildFile; fileRef = 338F4F921F0015920007AB1C /* AppDelegate.m */; };
		338F4F961F0015920007AB1C /* main.m in Sources */ = {isa = PBXBuildFile; fileRef = 338F4F951F0015920007AB1C /* main.m */; };
		338F4F991F0015920007AB1C /* ViewController.mm in Sources */ = {isa = PBXBuildFile; fileRef = 338F4F981F0015920007AB1C /* ViewController.mm */; };
		338F4F9B1F0015920007AB1C /* Assets.xcassets in Resources */ = {isa = PBXBuildFile; fileRef = 338F4F9A1F0015920007AB1C /* Assets.xcassets */; };
		338F4F9E1F0015920007AB1C /* Main.storyboard in Resources */ = {isa = PBXBuildFile; fileRef = 338F4F9C1F0015920007AB1C /* Main.storyboard */; };
		338F4FA91F0015920007AB1C /* ChromateTests.m in Sources */ = {isa = PBXBuildFile; fileRef = 338F4FA81F0015920007AB1C /* ChromateTests.m */; };
		338F4FB41F0015920007AB1C /* ChromateUITests.m in Sources */ = {isa = PBXBuildFile; fileRef = 338F4FB31F0015920007AB1C /* ChromateUITests.m */; };
		6C5722EE140BF056B3252989 /* libPods-Chromate.a in Frameworks */ = {isa = PBXBuildFile; fileRef = 3FA434CE84FBC0C70886E5E2 /* libPods-Chromate.a */; };
		D5AF6874D5EA552B46C223B0 /* main.mm in Sources */ = {isa = PBXBuildFile; fileRef = D5AF687DB23078E4B59279EA /* main.mm */; };
		E7CC40469A26C9208DE4B415 /* libPods-ChromeChainConsole.a in Frameworks */ = {isa = PBXBuildFile; fileRef = CCC619E92FE21CDF3D19CD1C /* libPods-ChromeChainConsole.a */; };
/* End PBXBuildFile section */

/* Begin PBXContainerItemProxy section */
		338F4FA51F0015920007AB1C /* PBXContainerItemProxy */ = {
			isa = PBXContainerItemProxy;
			containerPortal = D5AF60DB0CA4547E0400A7C9 /* Project object */;
			proxyType = 1;
			remoteGlobalIDString = 338F4F8E1F0015920007AB1C;
			remoteInfo = Chromate;
		};
		338F4FB01F0015920007AB1C /* PBXContainerItemProxy */ = {
			isa = PBXContainerItemProxy;
			containerPortal = D5AF60DB0CA4547E0400A7C9 /* Project object */;
			proxyType = 1;
			remoteGlobalIDString = 338F4F8E1F0015920007AB1C;
			remoteInfo = Chromate;
		};
/* End PBXContainerItemProxy section */

/* Begin PBXCopyFilesBuildPhase section */
		D5AF6F29A9604A2416630DD4 /* CopyFiles */ = {
			isa = PBXCopyFilesBuildPhase;
			buildActionMask = 2147483647;
			dstPath = /usr/share/man/man1/;
			dstSubfolderSpec = 0;
			files = (
			);
			runOnlyForDeploymentPostprocessing = 1;
		};
/* End PBXCopyFilesBuildPhase section */

/* Begin PBXFileReference section */
		02C6340C7F1847BFC1B815E1 /* Pods-Chromate.debug.xcconfig */ = {isa = PBXFileReference; includeInIndex = 1; lastKnownFileType = text.xcconfig; name = "Pods-Chromate.debug.xcconfig"; path = "Pods/Target Support Files/Pods-Chromate/Pods-Chromate.debug.xcconfig"; sourceTree = "<group>"; };
		3328AF481F00A3FC00D8AF1E /* ChromiumConstants.h */ = {isa = PBXFileReference; fileEncoding = 4; lastKnownFileType = sourcecode.c.h; path = ChromiumConstants.h; sourceTree = "<group>"; };
		3328AF491F00A3FC00D8AF1E /* KeychainWriter.h */ = {isa = PBXFileReference; fileEncoding = 4; lastKnownFileType = sourcecode.c.h; path = KeychainWriter.h; sourceTree = "<group>"; };
		3328AF4A1F00A3FC00D8AF1E /* KeychainWriter.mm */ = {isa = PBXFileReference; fileEncoding = 4; lastKnownFileType = sourcecode.cpp.objcpp; path = KeychainWriter.mm; sourceTree = "<group>"; };
		3328AF4B1F00A3FC00D8AF1E /* LoginCredential.h */ = {isa = PBXFileReference; fileEncoding = 4; lastKnownFileType = sourcecode.c.h; path = LoginCredential.h; sourceTree = "<group>"; };
		3328AF4C1F00A3FC00D8AF1E /* LoginCredential.mm */ = {isa = PBXFileReference; fileEncoding = 4; lastKnownFileType = sourcecode.cpp.objcpp; path = LoginCredential.mm; sourceTree = "<group>"; };
		3328AF4D1F00A3FC00D8AF1E /* LoginStore.h */ = {isa = PBXFileReference; fileEncoding = 4; lastKnownFileType = sourcecode.c.h; path = LoginStore.h; sourceTree = "<group>"; };
		3328AF4E1F00A3FC00D8AF1E /* LoginStore.mm */ = {isa = PBXFileReference; fileEncoding = 4; lastKnownFileType = sourcecode.cpp.objcpp; path = LoginStore.mm; sourceTree = "<group>"; };
		3328AF4F1F00A3FC00D8AF1E /* PasswordDecryptor.h */ = {isa = PBXFileReference; fileEncoding = 4; lastKnownFileType = sourcecode.c.h; path = PasswordDecryptor.h; sourceTree = "<group>"; };
		3328AF501F00A3FC00D8AF1E /* PasswordDecryptor.mm */ = {isa = PBXFileReference; fileEncoding = 4; lastKnownFileType = sourcecode.cpp.objcpp; path = PasswordDecryptor.mm; sourceTree = "<group>"; };
		333E30261E7FECA900C834CB /* libFMDB.a */ = {isa = PBXFileReference; lastKnownFileType = archive.ar; name = libFMDB.a; path = "../../../Library/Developer/Xcode/DerivedData/ChromeChain-gvsudhphjgqcphanbbxgrmdzxgtk/Build/Products/Debug/FMDB/libFMDB.a"; sourceTree = "<group>"; };
		3352D1911EFD67CD005A47EA /* libstdc++.tbd */ = {isa = PBXFileReference; lastKnownFileType = "sourcecode.text-based-dylib-definition"; name = "libstdc++.tbd"; path = "usr/lib/libstdc++.tbd"; sourceTree = SDKROOT; };
		338F4F8F1F0015920007AB1C /* Chromate.app */ = {isa = PBXFileReference; explicitFileType = wrapper.application; includeInIndex = 0; path = Chromate.app; sourceTree = BUILT_PRODUCTS_DIR; };
		338F4F911F0015920007AB1C /* AppDelegate.h */ = {isa = PBXFileReference; lastKnownFileType = sourcecode.c.h; path = AppDelegate.h; sourceTree = "<group>"; };
		338F4F921F0015920007AB1C /* AppDelegate.m */ = {isa = PBXFileReference; lastKnownFileType = sourcecode.c.objc; path = AppDelegate.m; sourceTree = "<group>"; };
		338F4F951F0015920007AB1C /* main.m */ = {isa = PBXFileReference; lastKnownFileType = sourcecode.c.objc; path = main.m; sourceTree = "<group>"; };
		338F4F971F0015920007AB1C /* ViewController.h */ = {isa = PBXFileReference; lastKnownFileType = sourcecode.c.h; path = ViewController.h; sourceTree = "<group>"; };
		338F4F981F0015920007AB1C /* ViewController.mm */ = {isa = PBXFileReference; lastKnownFileType = sourcecode.cpp.objcpp; path = ViewController.mm; sourceTree = "<group>"; };
		338F4F9A1F0015920007AB1C /* Assets.xcassets */ = {isa = PBXFileReference; lastKnownFileType = folder.assetcatalog; path = Assets.xcassets; sourceTree = "<group>"; };
		338F4F9D1F0015920007AB1C /* Base */ = {isa = PBXFileReference; lastKnownFileType = file.storyboard; name = Base; path = Base.lproj/Main.storyboard; sourceTree = "<group>"; };
		338F4F9F1F0015920007AB1C /* Info.plist */ = {isa = PBXFileReference; lastKnownFileType = text.plist.xml; path = Info.plist; sourceTree = "<group>"; };
		338F4FA41F0015920007AB1C /* ChromateTests.xctest */ = {isa = PBXFileReference; explicitFileType = wrapper.cfbundle; includeInIndex = 0; path = ChromateTests.xctest; sourceTree = BUILT_PRODUCTS_DIR; };
		338F4FA81F0015920007AB1C /* ChromateTests.m */ = {isa = PBXFileReference; lastKnownFileType = sourcecode.c.objc; path = ChromateTests.m; sourceTree = "<group>"; };
		338F4FAA1F0015920007AB1C /* Info.plist */ = {isa = PBXFileReference; lastKnownFileType = text.plist.xml; path = Info.plist; sourceTree = "<group>"; };
		338F4FAF1F0015920007AB1C /* ChromateUITests.xctest */ = {isa = PBXFileReference; explicitFileType = wrapper.cfbundle; includeInIndex = 0; path = ChromateUITests.xctest; sourceTree = BUILT_PRODUCTS_DIR; };
		338F4FB31F0015920007AB1C /* ChromateUITests.m */ = {isa = PBXFileReference; lastKnownFileType = sourcecode.c.objc; path = ChromateUITests.m; sourceTree = "<group>"; };
		338F4FB51F0015920007AB1C /* Info.plist */ = {isa = PBXFileReference; lastKnownFileType = text.plist.xml; path = Info.plist; sourceTree = "<group>"; };
		33ABC80F1EFE457E009BD3AB /* libcrypto.a */ = {isa = PBXFileReference; lastKnownFileType = archive.ar; name = libcrypto.a; path = ../../../../../../usr/local/Cellar/openssl/1.0.2l/lib/libcrypto.a; sourceTree = "<group>"; };
		33ABC8101EFE457E009BD3AB /* libssl.a */ = {isa = PBXFileReference; lastKnownFileType = archive.ar; name = libssl.a; path = ../../../../../../usr/local/Cellar/openssl/1.0.2l/lib/libssl.a; sourceTree = "<group>"; };
		33B7648E1F014BAA00120374 /* Chromate.entitlements */ = {isa = PBXFileReference; lastKnownFileType = text.plist.entitlements; path = Chromate.entitlements; sourceTree = "<group>"; };
		33BE20B91F0282000067DEAA /* SafariShared.framework */ = {isa = PBXFileReference; lastKnownFileType = wrapper.framework; name = SafariShared.framework; path = ../../../../../../System/Library/PrivateFrameworks/SafariShared.framework; sourceTree = "<group>"; };
		33BE20BB1F0283490067DEAA /* SafariShared.framework */ = {isa = PBXFileReference; lastKnownFileType = wrapper.framework; name = SafariShared.framework; path = Platforms/MacOSX.platform/Developer/SDKs/MacOSX.sdk/System/Library/PrivateFrameworks/SafariShared.framework; sourceTree = DEVELOPER_DIR; };
		3FA434CE84FBC0C70886E5E2 /* libPods-Chromate.a */ = {isa = PBXFileReference; explicitFileType = archive.ar; includeInIndex = 0; path = "libPods-Chromate.a"; sourceTree = BUILT_PRODUCTS_DIR; };
		48AB2EE598BD65E37EDB039F /* Pods-ChromeChain.release.xcconfig */ = {isa = PBXFileReference; includeInIndex = 1; lastKnownFileType = text.xcconfig; name = "Pods-ChromeChain.release.xcconfig"; path = "Pods/Target Support Files/Pods-ChromeChain/Pods-ChromeChain.release.xcconfig"; sourceTree = "<group>"; };
		4C96354214E8B9F243997F32 /* Pods-ChromeChainConsole.release.xcconfig */ = {isa = PBXFileReference; includeInIndex = 1; lastKnownFileType = text.xcconfig; name = "Pods-ChromeChainConsole.release.xcconfig"; path = "Pods/Target Support Files/Pods-ChromeChainConsole/Pods-ChromeChainConsole.release.xcconfig"; sourceTree = "<group>"; };
		677A2431B5F36C600AD5CAA1 /* Pods-ChromeChainConsole.debug.xcconfig */ = {isa = PBXFileReference; includeInIndex = 1; lastKnownFileType = text.xcconfig; name = "Pods-ChromeChainConsole.debug.xcconfig"; path = "Pods/Target Support Files/Pods-ChromeChainConsole/Pods-ChromeChainConsole.debug.xcconfig"; sourceTree = "<group>"; };
		695FFB85A1509D77943E1FFF /* libPods-ChromeChain.a */ = {isa = PBXFileReference; explicitFileType = archive.ar; includeInIndex = 0; path = "libPods-ChromeChain.a"; sourceTree = BUILT_PRODUCTS_DIR; };
		8570C1BC247B956575E1575B /* Pods-ChromeChain.debug.xcconfig */ = {isa = PBXFileReference; includeInIndex = 1; lastKnownFileType = text.xcconfig; name = "Pods-ChromeChain.debug.xcconfig"; path = "Pods/Target Support Files/Pods-ChromeChain/Pods-ChromeChain.debug.xcconfig"; sourceTree = "<group>"; };
		8CA7C71AC2558496B2774B43 /* Pods-Chromate.release.xcconfig */ = {isa = PBXFileReference; includeInIndex = 1; lastKnownFileType = text.xcconfig; name = "Pods-Chromate.release.xcconfig"; path = "Pods/Target Support Files/Pods-Chromate/Pods-Chromate.release.xcconfig"; sourceTree = "<group>"; };
		CCC619E92FE21CDF3D19CD1C /* libPods-ChromeChainConsole.a */ = {isa = PBXFileReference; explicitFileType = archive.ar; includeInIndex = 0; path = "libPods-ChromeChainConsole.a"; sourceTree = BUILT_PRODUCTS_DIR; };
		D5AF610309660383421870AC /* Safari.h */ = {isa = PBXFileReference; fileEncoding = 4; lastKnownFileType = sourcecode.c.h; path = Safari.h; sourceTree = "<group>"; };
		D5AF687DB23078E4B59279EA /* main.mm */ = {isa = PBXFileReference; lastKnownFileType = sourcecode.cpp.objcpp; path = main.mm; sourceTree = "<group>"; };
		D5AF6A598DC26AD658D1628A /* ChromeChainConsole */ = {isa = PBXFileReference; explicitFileType = "compiled.mach-o.executable"; includeInIndex = 0; path = ChromeChainConsole; sourceTree = BUILT_PRODUCTS_DIR; };
		D5AF6ACCACBF11D52A491194 /* SafariShared.h */ = {isa = PBXFileReference; fileEncoding = 4; lastKnownFileType = sourcecode.c.h; path = SafariShared.h; sourceTree = "<group>"; };
		FF1588ED519CC6C58D76A34E /* libPods-Cr24.a */ = {isa = PBXFileReference; explicitFileType = archive.ar; includeInIndex = 0; path = "libPods-Cr24.a"; sourceTree = BUILT_PRODUCTS_DIR; };
/* End PBXFileReference section */

/* Begin PBXFrameworksBuildPhase section */
		338F4F8C1F0015920007AB1C /* Frameworks */ = {
			isa = PBXFrameworksBuildPhase;
			buildActionMask = 2147483647;
			files = (
				6C5722EE140BF056B3252989 /* libPods-Chromate.a in Frameworks */,
			);
			runOnlyForDeploymentPostprocessing = 0;
		};
		338F4FA11F0015920007AB1C /* Frameworks */ = {
			isa = PBXFrameworksBuildPhase;
			buildActionMask = 2147483647;
			files = (
			);
			runOnlyForDeploymentPostprocessing = 0;
		};
		338F4FAC1F0015920007AB1C /* Frameworks */ = {
			isa = PBXFrameworksBuildPhase;
			buildActionMask = 2147483647;
			files = (
			);
			runOnlyForDeploymentPostprocessing = 0;
		};
		D5AF68C0CCE4B4BDFD0C7ABB /* Frameworks */ = {
			isa = PBXFrameworksBuildPhase;
			buildActionMask = 2147483647;
			files = (
				3352D1921EFD67CD005A47EA /* libstdc++.tbd in Frameworks */,
				E7CC40469A26C9208DE4B415 /* libPods-ChromeChainConsole.a in Frameworks */,
			);
			runOnlyForDeploymentPostprocessing = 0;
		};
/* End PBXFrameworksBuildPhase section */

/* Begin PBXGroup section */
		3328AF471F00A3FC00D8AF1E /* Common */ = {
			isa = PBXGroup;
			children = (
				3328AF481F00A3FC00D8AF1E /* ChromiumConstants.h */,
				3328AF491F00A3FC00D8AF1E /* KeychainWriter.h */,
				3328AF4A1F00A3FC00D8AF1E /* KeychainWriter.mm */,
				3328AF4B1F00A3FC00D8AF1E /* LoginCredential.h */,
				3328AF4C1F00A3FC00D8AF1E /* LoginCredential.mm */,
				3328AF4D1F00A3FC00D8AF1E /* LoginStore.h */,
				3328AF4E1F00A3FC00D8AF1E /* LoginStore.mm */,
				3328AF4F1F00A3FC00D8AF1E /* PasswordDecryptor.h */,
				3328AF501F00A3FC00D8AF1E /* PasswordDecryptor.mm */,
			);
			path = Common;
			sourceTree = "<group>";
		};
		338F4F901F0015920007AB1C /* Chromate */ = {
			isa = PBXGroup;
			children = (
				33B7648E1F014BAA00120374 /* Chromate.entitlements */,
				338F4F911F0015920007AB1C /* AppDelegate.h */,
				338F4F921F0015920007AB1C /* AppDelegate.m */,
				338F4F971F0015920007AB1C /* ViewController.h */,
				338F4F981F0015920007AB1C /* ViewController.mm */,
				338F4F9A1F0015920007AB1C /* Assets.xcassets */,
				338F4F9C1F0015920007AB1C /* Main.storyboard */,
				338F4F9F1F0015920007AB1C /* Info.plist */,
				338F4F941F0015920007AB1C /* Supporting Files */,
				D5AF6ACCACBF11D52A491194 /* SafariShared.h */,
				D5AF610309660383421870AC /* Safari.h */,
			);
			path = Chromate;
			sourceTree = "<group>";
		};
		338F4F941F0015920007AB1C /* Supporting Files */ = {
			isa = PBXGroup;
			children = (
				338F4F951F0015920007AB1C /* main.m */,
			);
			name = "Supporting Files";
			sourceTree = "<group>";
		};
		338F4FA71F0015920007AB1C /* ChromateTests */ = {
			isa = PBXGroup;
			children = (
				338F4FA81F0015920007AB1C /* ChromateTests.m */,
				338F4FAA1F0015920007AB1C /* Info.plist */,
			);
			path = ChromateTests;
			sourceTree = "<group>";
		};
		338F4FB21F0015920007AB1C /* ChromateUITests */ = {
			isa = PBXGroup;
			children = (
				338F4FB31F0015920007AB1C /* ChromateUITests.m */,
				338F4FB51F0015920007AB1C /* Info.plist */,
			);
			path = ChromateUITests;
			sourceTree = "<group>";
		};
		84D1A5814773C04752A87664 /* Pods */ = {
			isa = PBXGroup;
			children = (
				8570C1BC247B956575E1575B /* Pods-ChromeChain.debug.xcconfig */,
				48AB2EE598BD65E37EDB039F /* Pods-ChromeChain.release.xcconfig */,
				02C6340C7F1847BFC1B815E1 /* Pods-Chromate.debug.xcconfig */,
				8CA7C71AC2558496B2774B43 /* Pods-Chromate.release.xcconfig */,
				677A2431B5F36C600AD5CAA1 /* Pods-ChromeChainConsole.debug.xcconfig */,
				4C96354214E8B9F243997F32 /* Pods-ChromeChainConsole.release.xcconfig */,
			);
			name = Pods;
			sourceTree = "<group>";
		};
		D5AF6239C3527E8FF9D0B08B /* ChromeChainConsole */ = {
			isa = PBXGroup;
			children = (
				D5AF687DB23078E4B59279EA /* main.mm */,
			);
			name = ChromeChainConsole;
			path = ChromeChain/ChromeChainConsole;
			sourceTree = "<group>";
		};
		D5AF62EA4EF6792854193ED4 = {
			isa = PBXGroup;
			children = (
				D5AF6239C3527E8FF9D0B08B /* ChromeChainConsole */,
				338F4F901F0015920007AB1C /* Chromate */,
				3328AF471F00A3FC00D8AF1E /* Common */,
				338F4FA71F0015920007AB1C /* ChromateTests */,
				338F4FB21F0015920007AB1C /* ChromateUITests */,
				D5AF6618A8321CB8154728A0 /* Products */,
				E7F835AFBED83C30F30BDE25 /* Frameworks */,
				84D1A5814773C04752A87664 /* Pods */,
			);
			sourceTree = "<group>";
		};
		D5AF6618A8321CB8154728A0 /* Products */ = {
			isa = PBXGroup;
			children = (
				D5AF6A598DC26AD658D1628A /* ChromeChainConsole */,
				338F4F8F1F0015920007AB1C /* Chromate.app */,
				338F4FA41F0015920007AB1C /* ChromateTests.xctest */,
				338F4FAF1F0015920007AB1C /* ChromateUITests.xctest */,
			);
			name = Products;
			sourceTree = "<group>";
		};
		E7F835AFBED83C30F30BDE25 /* Frameworks */ = {
			isa = PBXGroup;
			children = (
				33BE20BB1F0283490067DEAA /* SafariShared.framework */,
				33BE20B91F0282000067DEAA /* SafariShared.framework */,
				33ABC80F1EFE457E009BD3AB /* libcrypto.a */,
				33ABC8101EFE457E009BD3AB /* libssl.a */,
				3352D1911EFD67CD005A47EA /* libstdc++.tbd */,
				333E30261E7FECA900C834CB /* libFMDB.a */,
				695FFB85A1509D77943E1FFF /* libPods-ChromeChain.a */,
				CCC619E92FE21CDF3D19CD1C /* libPods-ChromeChainConsole.a */,
				FF1588ED519CC6C58D76A34E /* libPods-Cr24.a */,
				3FA434CE84FBC0C70886E5E2 /* libPods-Chromate.a */,
			);
			name = Frameworks;
			sourceTree = "<group>";
		};
/* End PBXGroup section */

/* Begin PBXNativeTarget section */
		338F4F8E1F0015920007AB1C /* Chromate */ = {
			isa = PBXNativeTarget;
			buildConfigurationList = 338F4FB61F0015920007AB1C /* Build configuration list for PBXNativeTarget "Chromate" */;
			buildPhases = (
				9851A3F32C81874BE9579D92 /* [CP] Check Pods Manifest.lock */,
				338F4F8B1F0015920007AB1C /* Sources */,
				338F4F8C1F0015920007AB1C /* Frameworks */,
				338F4F8D1F0015920007AB1C /* Resources */,
				3405E6D67A73C53A2F07C69B /* [CP] Embed Pods Frameworks */,
				D860F5112F6D7E6F71D41AEB /* [CP] Copy Pods Resources */,
			);
			buildRules = (
			);
			dependencies = (
			);
			name = Chromate;
			productName = Chromate;
			productReference = 338F4F8F1F0015920007AB1C /* Chromate.app */;
			productType = "com.apple.product-type.application";
		};
		338F4FA31F0015920007AB1C /* ChromateTests */ = {
			isa = PBXNativeTarget;
			buildConfigurationList = 338F4FB91F0015920007AB1C /* Build configuration list for PBXNativeTarget "ChromateTests" */;
			buildPhases = (
				338F4FA01F0015920007AB1C /* Sources */,
				338F4FA11F0015920007AB1C /* Frameworks */,
				338F4FA21F0015920007AB1C /* Resources */,
			);
			buildRules = (
			);
			dependencies = (
				338F4FA61F0015920007AB1C /* PBXTargetDependency */,
			);
			name = ChromateTests;
			productName = ChromateTests;
			productReference = 338F4FA41F0015920007AB1C /* ChromateTests.xctest */;
			productType = "com.apple.product-type.bundle.unit-test";
		};
		338F4FAE1F0015920007AB1C /* ChromateUITests */ = {
			isa = PBXNativeTarget;
			buildConfigurationList = 338F4FBC1F0015920007AB1C /* Build configuration list for PBXNativeTarget "ChromateUITests" */;
			buildPhases = (
				338F4FAB1F0015920007AB1C /* Sources */,
				338F4FAC1F0015920007AB1C /* Frameworks */,
				338F4FAD1F0015920007AB1C /* Resources */,
			);
			buildRules = (
			);
			dependencies = (
				338F4FB11F0015920007AB1C /* PBXTargetDependency */,
			);
			name = ChromateUITests;
			productName = ChromateUITests;
			productReference = 338F4FAF1F0015920007AB1C /* ChromateUITests.xctest */;
			productType = "com.apple.product-type.bundle.ui-testing";
		};
		D5AF633F157D13E528ED122A /* ChromeChainConsole */ = {
			isa = PBXNativeTarget;
			buildConfigurationList = D5AF606AC7AF66244AB81D78 /* Build configuration list for PBXNativeTarget "ChromeChainConsole" */;
			buildPhases = (
				FCB0035D9E5885854ED3F025 /* [CP] Check Pods Manifest.lock */,
				D5AF659FEC12D1E3F8207197 /* Sources */,
				D5AF68C0CCE4B4BDFD0C7ABB /* Frameworks */,
				D5AF6F29A9604A2416630DD4 /* CopyFiles */,
				A800416A1689478849C7B90C /* [CP] Copy Pods Resources */,
			);
			buildRules = (
			);
			dependencies = (
			);
			name = ChromeChainConsole;
			productName = ChromeChain;
			productReference = D5AF6A598DC26AD658D1628A /* ChromeChainConsole */;
			productType = "com.apple.product-type.tool";
		};
/* End PBXNativeTarget section */

/* Begin PBXProject section */
		D5AF60DB0CA4547E0400A7C9 /* Project object */ = {
			isa = PBXProject;
			attributes = {
				LastSwiftUpdateCheck = 0830;
				ORGANIZATIONNAME = terry1994;
				TargetAttributes = {
					338F4F8E1F0015920007AB1C = {
						CreatedOnToolsVersion = 8.3.3;
						ProvisioningStyle = Automatic;
						SystemCapabilities = {
							com.apple.Keychain = {
								enabled = 1;
							};
							com.apple.iCloud = {
								enabled = 0;
							};
						};
					};
					338F4FA31F0015920007AB1C = {
						CreatedOnToolsVersion = 8.3.3;
						ProvisioningStyle = Automatic;
						TestTargetID = 338F4F8E1F0015920007AB1C;
					};
					338F4FAE1F0015920007AB1C = {
						CreatedOnToolsVersion = 8.3.3;
						ProvisioningStyle = Automatic;
						TestTargetID = 338F4F8E1F0015920007AB1C;
					};
				};
			};
			buildConfigurationList = D5AF69966A7D39D5951EA26A /* Build configuration list for PBXProject "ChromeChain" */;
			compatibilityVersion = "Xcode 3.2";
			developmentRegion = English;
			hasScannedForEncodings = 0;
			knownRegions = (
				en,
				Base,
			);
			mainGroup = D5AF62EA4EF6792854193ED4;
			productRefGroup = D5AF6618A8321CB8154728A0 /* Products */;
			projectDirPath = "";
			projectRoot = "";
			targets = (
				D5AF633F157D13E528ED122A /* ChromeChainConsole */,
				338F4F8E1F0015920007AB1C /* Chromate */,
				338F4FA31F0015920007AB1C /* ChromateTests */,
				338F4FAE1F0015920007AB1C /* ChromateUITests */,
			);
		};
/* End PBXProject section */

/* Begin PBXResourcesBuildPhase section */
		338F4F8D1F0015920007AB1C /* Resources */ = {
			isa = PBXResourcesBuildPhase;
			buildActionMask = 2147483647;
			files = (
				338F4F9B1F0015920007AB1C /* Assets.xcassets in Resources */,
				338F4F9E1F0015920007AB1C /* Main.storyboard in Resources */,
			);
			runOnlyForDeploymentPostprocessing = 0;
		};
		338F4FA21F0015920007AB1C /* Resources */ = {
			isa = PBXResourcesBuildPhase;
			buildActionMask = 2147483647;
			files = (
			);
			runOnlyForDeploymentPostprocessing = 0;
		};
		338F4FAD1F0015920007AB1C /* Resources */ = {
			isa = PBXResourcesBuildPhase;
			buildActionMask = 2147483647;
			files = (
			);
			runOnlyForDeploymentPostprocessing = 0;
		};
/* End PBXResourcesBuildPhase section */

/* Begin PBXShellScriptBuildPhase section */
		3405E6D67A73C53A2F07C69B /* [CP] Embed Pods Frameworks */ = {
			isa = PBXShellScriptBuildPhase;
			buildActionMask = 2147483647;
			files = (
			);
			inputPaths = (
			);
			name = "[CP] Embed Pods Frameworks";
			outputPaths = (
			);
			runOnlyForDeploymentPostprocessing = 0;
			shellPath = /bin/sh;
			shellScript = "\"${SRCROOT}/Pods/Target Support Files/Pods-Chromate/Pods-Chromate-frameworks.sh\"\n";
			showEnvVarsInLog = 0;
		};
		9851A3F32C81874BE9579D92 /* [CP] Check Pods Manifest.lock */ = {
			isa = PBXShellScriptBuildPhase;
			buildActionMask = 2147483647;
			files = (
			);
			inputPaths = (
				"${PODS_PODFILE_DIR_PATH}/Podfile.lock",
				"${PODS_ROOT}/Manifest.lock",
			);
			name = "[CP] Check Pods Manifest.lock";
			outputPaths = (
				"$(DERIVED_FILE_DIR)/Pods-Chromate-checkManifestLockResult.txt",
			);
			runOnlyForDeploymentPostprocessing = 0;
			shellPath = /bin/sh;
			shellScript = "diff \"${PODS_PODFILE_DIR_PATH}/Podfile.lock\" \"${PODS_ROOT}/Manifest.lock\" > /dev/null\nif [ $? != 0 ] ; then\n    # print error to STDERR\n    echo \"error: The sandbox is not in sync with the Podfile.lock. Run 'pod install' or update your CocoaPods installation.\" >&2\n    exit 1\nfi\n# This output is used by Xcode 'outputs' to avoid re-running this script phase.\necho \"SUCCESS\" > \"${SCRIPT_OUTPUT_FILE_0}\"\n";
			showEnvVarsInLog = 0;
		};
		A800416A1689478849C7B90C /* [CP] Copy Pods Resources */ = {
			isa = PBXShellScriptBuildPhase;
			buildActionMask = 2147483647;
			files = (
			);
			inputPaths = (
			);
			name = "[CP] Copy Pods Resources";
			outputPaths = (
			);
			runOnlyForDeploymentPostprocessing = 0;
			shellPath = /bin/sh;
			shellScript = "\"${SRCROOT}/Pods/Target Support Files/Pods-ChromeChainConsole/Pods-ChromeChainConsole-resources.sh\"\n";
			showEnvVarsInLog = 0;
		};
		D860F5112F6D7E6F71D41AEB /* [CP] Copy Pods Resources */ = {
			isa = PBXShellScriptBuildPhase;
			buildActionMask = 2147483647;
			files = (
			);
			inputPaths = (
			);
			name = "[CP] Copy Pods Resources";
			outputPaths = (
			);
			runOnlyForDeploymentPostprocessing = 0;
			shellPath = /bin/sh;
			shellScript = "\"${SRCROOT}/Pods/Target Support Files/Pods-Chromate/Pods-Chromate-resources.sh\"\n";
			showEnvVarsInLog = 0;
		};
		FCB0035D9E5885854ED3F025 /* [CP] Check Pods Manifest.lock */ = {
			isa = PBXShellScriptBuildPhase;
			buildActionMask = 2147483647;
			files = (
			);
			inputPaths = (
				"${PODS_PODFILE_DIR_PATH}/Podfile.lock",
				"${PODS_ROOT}/Manifest.lock",
			);
			name = "[CP] Check Pods Manifest.lock";
			outputPaths = (
				"$(DERIVED_FILE_DIR)/Pods-ChromeChainConsole-checkManifestLockResult.txt",
			);
			runOnlyForDeploymentPostprocessing = 0;
			shellPath = /bin/sh;
			shellScript = "diff \"${PODS_PODFILE_DIR_PATH}/Podfile.lock\" \"${PODS_ROOT}/Manifest.lock\" > /dev/null\nif [ $? != 0 ] ; then\n    # print error to STDERR\n    echo \"error: The sandbox is not in sync with the Podfile.lock. Run 'pod install' or update your CocoaPods installation.\" >&2\n    exit 1\nfi\n# This output is used by Xcode 'outputs' to avoid re-running this script phase.\necho \"SUCCESS\" > \"${SCRIPT_OUTPUT_FILE_0}\"\n";
			showEnvVarsInLog = 0;
		};
/* End PBXShellScriptBuildPhase section */

/* Begin PBXSourcesBuildPhase section */
		338F4F8B1F0015920007AB1C /* Sources */ = {
			isa = PBXSourcesBuildPhase;
			buildActionMask = 2147483647;
			files = (
				338F4F991F0015920007AB1C /* ViewController.mm in Sources */,
				3328AF581F00A3FC00D8AF1E /* PasswordDecryptor.mm in Sources */,
				3328AF561F00A3FC00D8AF1E /* LoginStore.mm in Sources */,
				338F4F961F0015920007AB1C /* main.m in Sources */,
				3328AF521F00A3FC00D8AF1E /* KeychainWriter.mm in Sources */,
				338F4F931F0015920007AB1C /* AppDelegate.m in Sources */,
				3328AF541F00A3FC00D8AF1E /* LoginCredential.mm in Sources */,
			);
			runOnlyForDeploymentPostprocessing = 0;
		};
		338F4FA01F0015920007AB1C /* Sources */ = {
			isa = PBXSourcesBuildPhase;
			buildActionMask = 2147483647;
			files = (
				338F4FA91F0015920007AB1C /* ChromateTests.m in Sources */,
			);
			runOnlyForDeploymentPostprocessing = 0;
		};
		338F4FAB1F0015920007AB1C /* Sources */ = {
			isa = PBXSourcesBuildPhase;
			buildActionMask = 2147483647;
			files = (
				338F4FB41F0015920007AB1C /* ChromateUITests.m in Sources */,
			);
			runOnlyForDeploymentPostprocessing = 0;
		};
		D5AF659FEC12D1E3F8207197 /* Sources */ = {
			isa = PBXSourcesBuildPhase;
			buildActionMask = 2147483647;
			files = (
				3328AF511F00A3FC00D8AF1E /* KeychainWriter.mm in Sources */,
				3328AF571F00A3FC00D8AF1E /* PasswordDecryptor.mm in Sources */,
				D5AF6874D5EA552B46C223B0 /* main.mm in Sources */,
				3328AF531F00A3FC00D8AF1E /* LoginCredential.mm in Sources */,
				3328AF551F00A3FC00D8AF1E /* LoginStore.mm in Sources */,
			);
			runOnlyForDeploymentPostprocessing = 0;
		};
/* End PBXSourcesBuildPhase section */

/* Begin PBXTargetDependency section */
		338F4FA61F0015920007AB1C /* PBXTargetDependency */ = {
			isa = PBXTargetDependency;
			target = 338F4F8E1F0015920007AB1C /* Chromate */;
			targetProxy = 338F4FA51F0015920007AB1C /* PBXContainerItemProxy */;
		};
		338F4FB11F0015920007AB1C /* PBXTargetDependency */ = {
			isa = PBXTargetDependency;
			target = 338F4F8E1F0015920007AB1C /* Chromate */;
			targetProxy = 338F4FB01F0015920007AB1C /* PBXContainerItemProxy */;
		};
/* End PBXTargetDependency section */

/* Begin PBXVariantGroup section */
		338F4F9C1F0015920007AB1C /* Main.storyboard */ = {
			isa = PBXVariantGroup;
			children = (
				338F4F9D1F0015920007AB1C /* Base */,
			);
			name = Main.storyboard;
			sourceTree = "<group>";
		};
/* End PBXVariantGroup section */

/* Begin XCBuildConfiguration section */
		338F4FB71F0015920007AB1C /* Debug */ = {
			isa = XCBuildConfiguration;
			baseConfigurationReference = 02C6340C7F1847BFC1B815E1 /* Pods-Chromate.debug.xcconfig */;
			buildSettings = {
				ASSETCATALOG_COMPILER_APPICON_NAME = AppIcon;
				CLANG_ANALYZER_NUMBER_OBJECT_CONVERSION = YES_AGGRESSIVE;
				CODE_SIGN_ENTITLEMENTS = Chromate/Chromate.entitlements;
				CODE_SIGN_IDENTITY = "";
				COMBINE_HIDPI_IMAGES = YES;
				DEVELOPMENT_TEAM = "";
				FRAMEWORK_SEARCH_PATHS = (
					"$(inherited)",
					"$(SYSTEM_LIBRARY_DIR)/PrivateFrameworks",
				);
				INFOPLIST_FILE = Chromate/Info.plist;
				LD_RUNPATH_SEARCH_PATHS = "$(inherited) @executable_path/../Frameworks";
				PRODUCT_BUNDLE_IDENTIFIER = com.terry1994.Chromate;
				PRODUCT_NAME = "$(TARGET_NAME)";
				PROVISIONING_PROFILE_SPECIFIER = "";
			};
			name = Debug;
		};
		338F4FB81F0015920007AB1C /* Release */ = {
			isa = XCBuildConfiguration;
			baseConfigurationReference = 8CA7C71AC2558496B2774B43 /* Pods-Chromate.release.xcconfig */;
			buildSettings = {
				ASSETCATALOG_COMPILER_APPICON_NAME = AppIcon;
				CLANG_ANALYZER_NUMBER_OBJECT_CONVERSION = YES_AGGRESSIVE;
				CODE_SIGN_ENTITLEMENTS = Chromate/Chromate.entitlements;
				CODE_SIGN_IDENTITY = "";
				COMBINE_HIDPI_IMAGES = YES;
				DEVELOPMENT_TEAM = "";
				FRAMEWORK_SEARCH_PATHS = (
					"$(inherited)",
					"$(SYSTEM_LIBRARY_DIR)/PrivateFrameworks",
				);
				INFOPLIST_FILE = Chromate/Info.plist;
				LD_RUNPATH_SEARCH_PATHS = "$(inherited) @executable_path/../Frameworks";
				PRODUCT_BUNDLE_IDENTIFIER = com.terry1994.Chromate;
				PRODUCT_NAME = "$(TARGET_NAME)";
				PROVISIONING_PROFILE_SPECIFIER = "";
			};
			name = Release;
		};
		338F4FBA1F0015920007AB1C /* Debug */ = {
			isa = XCBuildConfiguration;
			buildSettings = {
				BUNDLE_LOADER = "$(TEST_HOST)";
				CLANG_ANALYZER_NUMBER_OBJECT_CONVERSION = YES_AGGRESSIVE;
				COMBINE_HIDPI_IMAGES = YES;
				INFOPLIST_FILE = ChromateTests/Info.plist;
				LD_RUNPATH_SEARCH_PATHS = "$(inherited) @executable_path/../Frameworks @loader_path/../Frameworks";
				PRODUCT_BUNDLE_IDENTIFIER = com.terry1994.ChromateTests;
				PRODUCT_NAME = "$(TARGET_NAME)";
				TEST_HOST = "$(BUILT_PRODUCTS_DIR)/Chromate.app/Contents/MacOS/Chromate";
			};
			name = Debug;
		};
		338F4FBB1F0015920007AB1C /* Release */ = {
			isa = XCBuildConfiguration;
			buildSettings = {
				BUNDLE_LOADER = "$(TEST_HOST)";
				CLANG_ANALYZER_NUMBER_OBJECT_CONVERSION = YES_AGGRESSIVE;
				COMBINE_HIDPI_IMAGES = YES;
				INFOPLIST_FILE = ChromateTests/Info.plist;
				LD_RUNPATH_SEARCH_PATHS = "$(inherited) @executable_path/../Frameworks @loader_path/../Frameworks";
				PRODUCT_BUNDLE_IDENTIFIER = com.terry1994.ChromateTests;
				PRODUCT_NAME = "$(TARGET_NAME)";
				TEST_HOST = "$(BUILT_PRODUCTS_DIR)/Chromate.app/Contents/MacOS/Chromate";
			};
			name = Release;
		};
		338F4FBD1F0015920007AB1C /* Debug */ = {
			isa = XCBuildConfiguration;
			buildSettings = {
				CLANG_ANALYZER_NUMBER_OBJECT_CONVERSION = YES_AGGRESSIVE;
				COMBINE_HIDPI_IMAGES = YES;
				INFOPLIST_FILE = ChromateUITests/Info.plist;
				LD_RUNPATH_SEARCH_PATHS = "$(inherited) @executable_path/../Frameworks @loader_path/../Frameworks";
				PRODUCT_BUNDLE_IDENTIFIER = com.terry1994.ChromateUITests;
				PRODUCT_NAME = "$(TARGET_NAME)";
				TEST_TARGET_NAME = Chromate;
			};
			name = Debug;
		};
		338F4FBE1F0015920007AB1C /* Release */ = {
			isa = XCBuildConfiguration;
			buildSettings = {
				CLANG_ANALYZER_NUMBER_OBJECT_CONVERSION = YES_AGGRESSIVE;
				COMBINE_HIDPI_IMAGES = YES;
				INFOPLIST_FILE = ChromateUITests/Info.plist;
				LD_RUNPATH_SEARCH_PATHS = "$(inherited) @executable_path/../Frameworks @loader_path/../Frameworks";
				PRODUCT_BUNDLE_IDENTIFIER = com.terry1994.ChromateUITests;
				PRODUCT_NAME = "$(TARGET_NAME)";
				TEST_TARGET_NAME = Chromate;
			};
			name = Release;
		};
		D5AF61997A030E6CD1B2F351 /* Debug */ = {
			isa = XCBuildConfiguration;
			buildSettings = {
				ALWAYS_SEARCH_USER_PATHS = NO;
				CLANG_ANALYZER_NONNULL = YES;
				CLANG_CXX_LANGUAGE_STANDARD = "gnu++0x";
				CLANG_CXX_LIBRARY = "libc++";
				CLANG_ENABLE_MODULES = YES;
				CLANG_ENABLE_OBJC_ARC = YES;
				CLANG_WARN_BOOL_CONVERSION = YES;
				CLANG_WARN_CONSTANT_CONVERSION = YES;
				CLANG_WARN_DIRECT_OBJC_ISA_USAGE = YES_ERROR;
				CLANG_WARN_DOCUMENTATION_COMMENTS = YES;
				CLANG_WARN_EMPTY_BODY = YES;
				CLANG_WARN_ENUM_CONVERSION = YES;
				CLANG_WARN_INFINITE_RECURSION = YES;
				CLANG_WARN_INT_CONVERSION = YES;
				CLANG_WARN_OBJC_ROOT_CLASS = YES_ERROR;
				CLANG_WARN_SUSPICIOUS_MOVE = YES;
				CLANG_WARN_UNREACHABLE_CODE = YES;
				CLANG_WARN__DUPLICATE_METHOD_MATCH = YES;
				CODE_SIGN_ENTITLEMENTS = Entitlements.plist;
				CODE_SIGN_IDENTITY = "-";
				COPY_PHASE_STRIP = NO;
				DEBUG_INFORMATION_FORMAT = dwarf;
				ENABLE_STRICT_OBJC_MSGSEND = YES;
				ENABLE_TESTABILITY = YES;
				GCC_C_LANGUAGE_STANDARD = gnu99;
				GCC_DYNAMIC_NO_PIC = NO;
				GCC_NO_COMMON_BLOCKS = YES;
				GCC_OPTIMIZATION_LEVEL = 0;
				GCC_PREPROCESSOR_DEFINITIONS = (
					"DEBUG=1",
					"$(inherited)",
				);
				GCC_WARN_64_TO_32_BIT_CONVERSION = YES;
				GCC_WARN_ABOUT_RETURN_TYPE = YES_ERROR;
				GCC_WARN_UNDECLARED_SELECTOR = YES;
				GCC_WARN_UNINITIALIZED_AUTOS = YES_AGGRESSIVE;
				GCC_WARN_UNUSED_FUNCTION = YES;
				GCC_WARN_UNUSED_VARIABLE = YES;
				MACOSX_DEPLOYMENT_TARGET = 10.12;
				MTL_ENABLE_DEBUG_INFO = YES;
				ONLY_ACTIVE_ARCH = YES;
				SDKROOT = macosx;
			};
			name = Debug;
		};
		D5AF6745A4BEC7E35046E54B /* Debug */ = {
			isa = XCBuildConfiguration;
			baseConfigurationReference = 677A2431B5F36C600AD5CAA1 /* Pods-ChromeChainConsole.debug.xcconfig */;
			buildSettings = {
				GCC_PREPROCESSOR_DEFINITIONS = (
					"$(inherited)",
					"TEST_FILES_PATH=$(SRCROOT)/$(PROJECT_NAME)/$(TARGET_NAME)/test_files",
					"DEBUG=1",
				);
				HEADER_SEARCH_PATHS = (
					"$(inherited)",
					"\"${PODS_ROOT}/Headers/Public\"",
					"\"${PODS_ROOT}/Headers/Public/FMDB\"",
					/usr/local/opt/openssl/include,
				);
				LIBRARY_SEARCH_PATHS = (
					"$(inherited)",
					/usr/local/Cellar/openssl/1.0.2l/lib,
				);
				PRODUCT_NAME = "$(TARGET_NAME)";
			};
			name = Debug;
		};
		D5AF678B4F126CA40CDA71B8 /* Release */ = {
			isa = XCBuildConfiguration;
			buildSettings = {
				ALWAYS_SEARCH_USER_PATHS = NO;
				CLANG_ANALYZER_NONNULL = YES;
				CLANG_CXX_LANGUAGE_STANDARD = "gnu++0x";
				CLANG_CXX_LIBRARY = "libc++";
				CLANG_ENABLE_MODULES = YES;
				CLANG_ENABLE_OBJC_ARC = YES;
				CLANG_WARN_BOOL_CONVERSION = YES;
				CLANG_WARN_CONSTANT_CONVERSION = YES;
				CLANG_WARN_DIRECT_OBJC_ISA_USAGE = YES_ERROR;
				CLANG_WARN_DOCUMENTATION_COMMENTS = YES;
				CLANG_WARN_EMPTY_BODY = YES;
				CLANG_WARN_ENUM_CONVERSION = YES;
				CLANG_WARN_INFINITE_RECURSION = YES;
				CLANG_WARN_INT_CONVERSION = YES;
				CLANG_WARN_OBJC_ROOT_CLASS = YES_ERROR;
				CLANG_WARN_SUSPICIOUS_MOVE = YES;
				CLANG_WARN_UNREACHABLE_CODE = YES;
				CLANG_WARN__DUPLICATE_METHOD_MATCH = YES;
				CODE_SIGN_ENTITLEMENTS = Entitlements.plist;
				CODE_SIGN_IDENTITY = "-";
				COPY_PHASE_STRIP = NO;
				DEBUG_INFORMATION_FORMAT = "dwarf-with-dsym";
				ENABLE_NS_ASSERTIONS = NO;
				ENABLE_STRICT_OBJC_MSGSEND = YES;
				GCC_C_LANGUAGE_STANDARD = gnu99;
				GCC_NO_COMMON_BLOCKS = YES;
				GCC_WARN_64_TO_32_BIT_CONVERSION = YES;
				GCC_WARN_ABOUT_RETURN_TYPE = YES_ERROR;
				GCC_WARN_UNDECLARED_SELECTOR = YES;
				GCC_WARN_UNINITIALIZED_AUTOS = YES_AGGRESSIVE;
				GCC_WARN_UNUSED_FUNCTION = YES;
				GCC_WARN_UNUSED_VARIABLE = YES;
				MACOSX_DEPLOYMENT_TARGET = 10.12;
				MTL_ENABLE_DEBUG_INFO = NO;
				SDKROOT = macosx;
			};
			name = Release;
		};
		D5AF6B9A3AB6BB19EEA4A778 /* Release */ = {
			isa = XCBuildConfiguration;
			baseConfigurationReference = 4C96354214E8B9F243997F32 /* Pods-ChromeChainConsole.release.xcconfig */;
			buildSettings = {
				GCC_PREPROCESSOR_DEFINITIONS = (
					"$(inherited)",
					"TEST_FILES_PATH=$(SRCROOT)/$(PROJECT_NAME)/$(TARGET_NAME)/test_files",
				);
				HEADER_SEARCH_PATHS = (
					"$(inherited)",
					"\"${PODS_ROOT}/Headers/Public\"",
					"\"${PODS_ROOT}/Headers/Public/FMDB\"",
					/usr/local/opt/openssl/include,
				);
				LIBRARY_SEARCH_PATHS = (
					"$(inherited)",
					/usr/local/Cellar/openssl/1.0.2l/lib,
				);
				PRODUCT_NAME = "$(TARGET_NAME)";
			};
			name = Release;
		};
/* End XCBuildConfiguration section */

/* Begin XCConfigurationList section */
		338F4FB61F0015920007AB1C /* Build configuration list for PBXNativeTarget "Chromate" */ = {
			isa = XCConfigurationList;
			buildConfigurations = (
				338F4FB71F0015920007AB1C /* Debug */,
				338F4FB81F0015920007AB1C /* Release */,
			);
			defaultConfigurationIsVisible = 0;
			defaultConfigurationName = Release;
		};
		338F4FB91F0015920007AB1C /* Build configuration list for PBXNativeTarget "ChromateTests" */ = {
			isa = XCConfigurationList;
			buildConfigurations = (
				338F4FBA1F0015920007AB1C /* Debug */,
				338F4FBB1F0015920007AB1C /* Release */,
			);
			defaultConfigurationIsVisible = 0;
			defaultConfigurationName = Release;
		};
		338F4FBC1F0015920007AB1C /* Build configuration list for PBXNativeTarget "ChromateUITests" */ = {
			isa = XCConfigurationList;
			buildConfigurations = (
				338F4FBD1F0015920007AB1C /* Debug */,
				338F4FBE1F0015920007AB1C /* Release */,
			);
			defaultConfigurationIsVisible = 0;
			defaultConfigurationName = Release;
		};
		D5AF606AC7AF66244AB81D78 /* Build configuration list for PBXNativeTarget "ChromeChainConsole" */ = {
			isa = XCConfigurationList;
			buildConfigurations = (
				D5AF6745A4BEC7E35046E54B /* Debug */,
				D5AF6B9A3AB6BB19EEA4A778 /* Release */,
			);
			defaultConfigurationIsVisible = 0;
			defaultConfigurationName = Release;
		};
		D5AF69966A7D39D5951EA26A /* Build configuration list for PBXProject "ChromeChain" */ = {
			isa = XCConfigurationList;
			buildConfigurations = (
				D5AF61997A030E6CD1B2F351 /* Debug */,
				D5AF678B4F126CA40CDA71B8 /* Release */,
			);
			defaultConfigurationIsVisible = 0;
			defaultConfigurationName = Release;
		};
/* End XCConfigurationList section */
	};
	rootObject = D5AF60DB0CA4547E0400A7C9 /* Project object */;
}
