// !$*UTF8*$!
{
	archiveVersion = 1;
	classes = {
	};
	objectVersion = 46;
	objects = {

/* Begin PBXBuildFile section */
		333E30411E7FF07B00C834CB /* LoginCredential.m in Sources */ = {isa = PBXBuildFile; fileRef = 333E303E1E7FF07B00C834CB /* LoginCredential.m */; };
		333E30421E7FF07B00C834CB /* LoginStore.m in Sources */ = {isa = PBXBuildFile; fileRef = 333E30401E7FF07B00C834CB /* LoginStore.m */; };
		C5E1D9D9737FDA7C74394ADB /* libPods-ChromeChainConsole.a in Frameworks */ = {isa = PBXBuildFile; fileRef = CCC619E92FE21CDF3D19CD1C /* libPods-ChromeChainConsole.a */; };
		D5AF6874D5EA552B46C223B0 /* main.m in Sources */ = {isa = PBXBuildFile; fileRef = D5AF687DB23078E4B59279EA /* main.m */; };
/* End PBXBuildFile section */

/* Begin PBXCopyFilesBuildPhase section */
		D5AF6F29A9604A2416630DD4 /* CopyFiles */ = {
			isa = PBXCopyFilesBuildPhase;
			buildActionMask = 2147483647;
			dstPath = /usr/share/man/man1/;
			dstSubfolderSpec = 0;
			files = (
			);
			runOnlyForDeploymentPostprocessing = 1;
		};
/* End PBXCopyFilesBuildPhase section */

/* Begin PBXFileReference section */
		333E30261E7FECA900C834CB /* libFMDB.a */ = {isa = PBXFileReference; lastKnownFileType = archive.ar; name = libFMDB.a; path = "../../../Library/Developer/Xcode/DerivedData/ChromeChain-gvsudhphjgqcphanbbxgrmdzxgtk/Build/Products/Debug/FMDB/libFMDB.a"; sourceTree = "<group>"; };
		333E303D1E7FF07B00C834CB /* LoginCredential.h */ = {isa = PBXFileReference; fileEncoding = 4; lastKnownFileType = sourcecode.c.h; path = LoginCredential.h; sourceTree = "<group>"; };
		333E303E1E7FF07B00C834CB /* LoginCredential.m */ = {isa = PBXFileReference; fileEncoding = 4; lastKnownFileType = sourcecode.c.objc; path = LoginCredential.m; sourceTree = "<group>"; };
		333E303F1E7FF07B00C834CB /* LoginStore.h */ = {isa = PBXFileReference; fileEncoding = 4; lastKnownFileType = sourcecode.c.h; path = LoginStore.h; sourceTree = "<group>"; };
		333E30401E7FF07B00C834CB /* LoginStore.m */ = {isa = PBXFileReference; fileEncoding = 4; lastKnownFileType = sourcecode.c.objc; path = LoginStore.m; sourceTree = "<group>"; };
		333E30471E7FF41400C834CB /* libChromeCrypto.dylib */ = {isa = PBXFileReference; explicitFileType = "compiled.mach-o.dylib"; includeInIndex = 0; path = libChromeCrypto.dylib; sourceTree = BUILT_PRODUCTS_DIR; };
		48AB2EE598BD65E37EDB039F /* Pods-ChromeChain.release.xcconfig */ = {isa = PBXFileReference; includeInIndex = 1; lastKnownFileType = text.xcconfig; name = "Pods-ChromeChain.release.xcconfig"; path = "Pods/Target Support Files/Pods-ChromeChain/Pods-ChromeChain.release.xcconfig"; sourceTree = "<group>"; };
		664B0FCB1F1CBAE79ACD2A30 /* Pods-ChromeChainConsole.debug.xcconfig */ = {isa = PBXFileReference; includeInIndex = 1; lastKnownFileType = text.xcconfig; name = "Pods-ChromeChainConsole.debug.xcconfig"; path = "Pods/Target Support Files/Pods-ChromeChainConsole/Pods-ChromeChainConsole.debug.xcconfig"; sourceTree = "<group>"; };
		695FFB85A1509D77943E1FFF /* libPods-ChromeChain.a */ = {isa = PBXFileReference; explicitFileType = archive.ar; includeInIndex = 0; path = "libPods-ChromeChain.a"; sourceTree = BUILT_PRODUCTS_DIR; };
		8570C1BC247B956575E1575B /* Pods-ChromeChain.debug.xcconfig */ = {isa = PBXFileReference; includeInIndex = 1; lastKnownFileType = text.xcconfig; name = "Pods-ChromeChain.debug.xcconfig"; path = "Pods/Target Support Files/Pods-ChromeChain/Pods-ChromeChain.debug.xcconfig"; sourceTree = "<group>"; };
		B14FE5F50AF5F447D4C802DB /* Pods-ChromeChainConsole.release.xcconfig */ = {isa = PBXFileReference; includeInIndex = 1; lastKnownFileType = text.xcconfig; name = "Pods-ChromeChainConsole.release.xcconfig"; path = "Pods/Target Support Files/Pods-ChromeChainConsole/Pods-ChromeChainConsole.release.xcconfig"; sourceTree = "<group>"; };
		CCC619E92FE21CDF3D19CD1C /* libPods-ChromeChainConsole.a */ = {isa = PBXFileReference; explicitFileType = archive.ar; includeInIndex = 0; path = "libPods-ChromeChainConsole.a"; sourceTree = BUILT_PRODUCTS_DIR; };
		D5AF687DB23078E4B59279EA /* main.m */ = {isa = PBXFileReference; lastKnownFileType = sourcecode.c.objc; path = main.m; sourceTree = "<group>"; };
		D5AF6A598DC26AD658D1628A /* ChromeChainConsole */ = {isa = PBXFileReference; explicitFileType = "compiled.mach-o.executable"; includeInIndex = 0; path = ChromeChainConsole; sourceTree = BUILT_PRODUCTS_DIR; };
/* End PBXFileReference section */

/* Begin PBXFrameworksBuildPhase section */
		333E30441E7FF41400C834CB /* Frameworks */ = {
			isa = PBXFrameworksBuildPhase;
			buildActionMask = 2147483647;
			files = (
			);
			runOnlyForDeploymentPostprocessing = 0;
		};
		D5AF68C0CCE4B4BDFD0C7ABB /* Frameworks */ = {
			isa = PBXFrameworksBuildPhase;
			buildActionMask = 2147483647;
			files = (
				C5E1D9D9737FDA7C74394ADB /* libPods-ChromeChainConsole.a in Frameworks */,
			);
			runOnlyForDeploymentPostprocessing = 0;
		};
/* End PBXFrameworksBuildPhase section */

/* Begin PBXGroup section */
		333E30481E7FF41400C834CB /* ChromeCrypto */ = {
			isa = PBXGroup;
			children = (
			);
			path = ChromeCrypto;
			sourceTree = "<group>";
		};
		84D1A5814773C04752A87664 /* Pods */ = {
			isa = PBXGroup;
			children = (
				8570C1BC247B956575E1575B /* Pods-ChromeChain.debug.xcconfig */,
				48AB2EE598BD65E37EDB039F /* Pods-ChromeChain.release.xcconfig */,
				664B0FCB1F1CBAE79ACD2A30 /* Pods-ChromeChainConsole.debug.xcconfig */,
				B14FE5F50AF5F447D4C802DB /* Pods-ChromeChainConsole.release.xcconfig */,
			);
			name = Pods;
			sourceTree = "<group>";
		};
		D5AF6239C3527E8FF9D0B08B /* ChromeChainConsole */ = {
			isa = PBXGroup;
			children = (
				333E303D1E7FF07B00C834CB /* LoginCredential.h */,
				333E303E1E7FF07B00C834CB /* LoginCredential.m */,
				333E303F1E7FF07B00C834CB /* LoginStore.h */,
				333E30401E7FF07B00C834CB /* LoginStore.m */,
				D5AF687DB23078E4B59279EA /* main.m */,
			);
			name = ChromeChainConsole;
			path = ChromeChain/ChromeChainConsole;
			sourceTree = "<group>";
		};
		D5AF62EA4EF6792854193ED4 = {
			isa = PBXGroup;
			children = (
				D5AF6239C3527E8FF9D0B08B /* ChromeChainConsole */,
				333E30481E7FF41400C834CB /* ChromeCrypto */,
				D5AF6618A8321CB8154728A0 /* Products */,
				E7F835AFBED83C30F30BDE25 /* Frameworks */,
				84D1A5814773C04752A87664 /* Pods */,
			);
			sourceTree = "<group>";
		};
		D5AF6618A8321CB8154728A0 /* Products */ = {
			isa = PBXGroup;
			children = (
				D5AF6A598DC26AD658D1628A /* ChromeChainConsole */,
				333E30471E7FF41400C834CB /* libChromeCrypto.dylib */,
			);
			name = Products;
			sourceTree = "<group>";
		};
		E7F835AFBED83C30F30BDE25 /* Frameworks */ = {
			isa = PBXGroup;
			children = (
				333E30261E7FECA900C834CB /* libFMDB.a */,
				695FFB85A1509D77943E1FFF /* libPods-ChromeChain.a */,
				CCC619E92FE21CDF3D19CD1C /* libPods-ChromeChainConsole.a */,
			);
			name = Frameworks;
			sourceTree = "<group>";
		};
/* End PBXGroup section */

/* Begin PBXHeadersBuildPhase section */
		333E30451E7FF41400C834CB /* Headers */ = {
			isa = PBXHeadersBuildPhase;
			buildActionMask = 2147483647;
			files = (
			);
			runOnlyForDeploymentPostprocessing = 0;
		};
/* End PBXHeadersBuildPhase section */

/* Begin PBXNativeTarget section */
		333E30461E7FF41400C834CB /* ChromeCrypto */ = {
			isa = PBXNativeTarget;
			buildConfigurationList = 333E304F1E7FF41400C834CB /* Build configuration list for PBXNativeTarget "ChromeCrypto" */;
			buildPhases = (
				333E30431E7FF41400C834CB /* Sources */,
				333E30441E7FF41400C834CB /* Frameworks */,
				333E30451E7FF41400C834CB /* Headers */,
			);
			buildRules = (
			);
			dependencies = (
			);
			name = ChromeCrypto;
			productName = ChromeCrypto;
			productReference = 333E30471E7FF41400C834CB /* libChromeCrypto.dylib */;
			productType = "com.apple.product-type.library.dynamic";
		};
		D5AF633F157D13E528ED122A /* ChromeChainConsole */ = {
			isa = PBXNativeTarget;
			buildConfigurationList = D5AF606AC7AF66244AB81D78 /* Build configuration list for PBXNativeTarget "ChromeChainConsole" */;
			buildPhases = (
				14272DD9C968B28738635909 /* [CP] Check Pods Manifest.lock */,
				D5AF659FEC12D1E3F8207197 /* Sources */,
				D5AF68C0CCE4B4BDFD0C7ABB /* Frameworks */,
				D5AF6F29A9604A2416630DD4 /* CopyFiles */,
				DBE87AA6BD37904E110CB6CC /* [CP] Copy Pods Resources */,
			);
			buildRules = (
			);
			dependencies = (
			);
			name = ChromeChainConsole;
			productName = ChromeChain;
			productReference = D5AF6A598DC26AD658D1628A /* ChromeChainConsole */;
			productType = "com.apple.product-type.tool";
		};
/* End PBXNativeTarget section */

/* Begin PBXProject section */
		D5AF60DB0CA4547E0400A7C9 /* Project object */ = {
			isa = PBXProject;
			attributes = {
				ORGANIZATIONNAME = terry1994;
				TargetAttributes = {
					333E30461E7FF41400C834CB = {
						CreatedOnToolsVersion = 8.2.1;
						DevelopmentTeam = AAQ453XLKM;
						ProvisioningStyle = Automatic;
					};
				};
			};
			buildConfigurationList = D5AF69966A7D39D5951EA26A /* Build configuration list for PBXProject "ChromeChain" */;
			compatibilityVersion = "Xcode 3.2";
			developmentRegion = English;
			hasScannedForEncodings = 0;
			knownRegions = (
				en,
			);
			mainGroup = D5AF62EA4EF6792854193ED4;
			productRefGroup = D5AF6618A8321CB8154728A0 /* Products */;
			projectDirPath = "";
			projectRoot = "";
			targets = (
				D5AF633F157D13E528ED122A /* ChromeChainConsole */,
				333E30461E7FF41400C834CB /* ChromeCrypto */,
			);
		};
/* End PBXProject section */

/* Begin PBXShellScriptBuildPhase section */
		14272DD9C968B28738635909 /* [CP] Check Pods Manifest.lock */ = {
			isa = PBXShellScriptBuildPhase;
			buildActionMask = 2147483647;
			files = (
			);
			inputPaths = (
			);
			name = "[CP] Check Pods Manifest.lock";
			outputPaths = (
			);
			runOnlyForDeploymentPostprocessing = 0;
			shellPath = /bin/sh;
			shellScript = "diff \"${PODS_ROOT}/../Podfile.lock\" \"${PODS_ROOT}/Manifest.lock\" > /dev/null\nif [ $? != 0 ] ; then\n    # print error to STDERR\n    echo \"error: The sandbox is not in sync with the Podfile.lock. Run 'pod install' or update your CocoaPods installation.\" >&2\n    exit 1\nfi\n";
			showEnvVarsInLog = 0;
		};
		DBE87AA6BD37904E110CB6CC /* [CP] Copy Pods Resources */ = {
			isa = PBXShellScriptBuildPhase;
			buildActionMask = 2147483647;
			files = (
			);
			inputPaths = (
			);
			name = "[CP] Copy Pods Resources";
			outputPaths = (
			);
			runOnlyForDeploymentPostprocessing = 0;
			shellPath = /bin/sh;
			shellScript = "\"${SRCROOT}/Pods/Target Support Files/Pods-ChromeChainConsole/Pods-ChromeChainConsole-resources.sh\"\n";
			showEnvVarsInLog = 0;
		};
/* End PBXShellScriptBuildPhase section */

/* Begin PBXSourcesBuildPhase section */
		333E30431E7FF41400C834CB /* Sources */ = {
			isa = PBXSourcesBuildPhase;
			buildActionMask = 2147483647;
			files = (
			);
			runOnlyForDeploymentPostprocessing = 0;
		};
		D5AF659FEC12D1E3F8207197 /* Sources */ = {
			isa = PBXSourcesBuildPhase;
			buildActionMask = 2147483647;
			files = (
				333E30411E7FF07B00C834CB /* LoginCredential.m in Sources */,
				333E30421E7FF07B00C834CB /* LoginStore.m in Sources */,
				D5AF6874D5EA552B46C223B0 /* main.m in Sources */,
			);
			runOnlyForDeploymentPostprocessing = 0;
		};
/* End PBXSourcesBuildPhase section */

/* Begin XCBuildConfiguration section */
		333E304D1E7FF41400C834CB /* Debug */ = {
			isa = XCBuildConfiguration;
			buildSettings = {
				DEVELOPMENT_TEAM = AAQ453XLKM;
				DYLIB_COMPATIBILITY_VERSION = 1;
				DYLIB_CURRENT_VERSION = 1;
				EXECUTABLE_PREFIX = lib;
				PRODUCT_NAME = "$(TARGET_NAME)";
			};
			name = Debug;
		};
		333E304E1E7FF41400C834CB /* Release */ = {
			isa = XCBuildConfiguration;
			buildSettings = {
				DEVELOPMENT_TEAM = AAQ453XLKM;
				DYLIB_COMPATIBILITY_VERSION = 1;
				DYLIB_CURRENT_VERSION = 1;
				EXECUTABLE_PREFIX = lib;
				PRODUCT_NAME = "$(TARGET_NAME)";
			};
			name = Release;
		};
		D5AF61997A030E6CD1B2F351 /* Debug */ = {
			isa = XCBuildConfiguration;
			buildSettings = {
				ALWAYS_SEARCH_USER_PATHS = NO;
				CLANG_ANALYZER_NONNULL = YES;
				CLANG_CXX_LANGUAGE_STANDARD = "gnu++0x";
				CLANG_CXX_LIBRARY = "libc++";
				CLANG_ENABLE_MODULES = YES;
				CLANG_ENABLE_OBJC_ARC = YES;
				CLANG_WARN_BOOL_CONVERSION = YES;
				CLANG_WARN_CONSTANT_CONVERSION = YES;
				CLANG_WARN_DIRECT_OBJC_ISA_USAGE = YES_ERROR;
				CLANG_WARN_DOCUMENTATION_COMMENTS = YES;
				CLANG_WARN_EMPTY_BODY = YES;
				CLANG_WARN_ENUM_CONVERSION = YES;
				CLANG_WARN_INFINITE_RECURSION = YES;
				CLANG_WARN_INT_CONVERSION = YES;
				CLANG_WARN_OBJC_ROOT_CLASS = YES_ERROR;
				CLANG_WARN_SUSPICIOUS_MOVE = YES;
				CLANG_WARN_UNREACHABLE_CODE = YES;
				CLANG_WARN__DUPLICATE_METHOD_MATCH = YES;
				CODE_SIGN_IDENTITY = "-";
				COPY_PHASE_STRIP = NO;
				DEBUG_INFORMATION_FORMAT = dwarf;
				ENABLE_STRICT_OBJC_MSGSEND = YES;
				ENABLE_TESTABILITY = YES;
				GCC_C_LANGUAGE_STANDARD = gnu99;
				GCC_DYNAMIC_NO_PIC = NO;
				GCC_NO_COMMON_BLOCKS = YES;
				GCC_OPTIMIZATION_LEVEL = 0;
				GCC_PREPROCESSOR_DEFINITIONS = (
					"DEBUG=1",
					"$(inherited)",
				);
				GCC_WARN_64_TO_32_BIT_CONVERSION = YES;
				GCC_WARN_ABOUT_RETURN_TYPE = YES_ERROR;
				GCC_WARN_UNDECLARED_SELECTOR = YES;
				GCC_WARN_UNINITIALIZED_AUTOS = YES_AGGRESSIVE;
				GCC_WARN_UNUSED_FUNCTION = YES;
				GCC_WARN_UNUSED_VARIABLE = YES;
				MACOSX_DEPLOYMENT_TARGET = 10.12;
				MTL_ENABLE_DEBUG_INFO = YES;
				ONLY_ACTIVE_ARCH = YES;
				SDKROOT = macosx;
			};
			name = Debug;
		};
		D5AF6745A4BEC7E35046E54B /* Debug */ = {
			isa = XCBuildConfiguration;
			baseConfigurationReference = 664B0FCB1F1CBAE79ACD2A30 /* Pods-ChromeChainConsole.debug.xcconfig */;
			buildSettings = {
				GCC_PREPROCESSOR_DEFINITIONS = (
					"TEST_FILES_PATH=$(SRCROOT)/$(PROJECT_NAME)/$(TARGET_NAME)/test_files",
					"DEBUG=1",
				);
				PRODUCT_NAME = "$(TARGET_NAME)";
			};
			name = Debug;
		};
		D5AF678B4F126CA40CDA71B8 /* Release */ = {
			isa = XCBuildConfiguration;
			buildSettings = {
				ALWAYS_SEARCH_USER_PATHS = NO;
				CLANG_ANALYZER_NONNULL = YES;
				CLANG_CXX_LANGUAGE_STANDARD = "gnu++0x";
				CLANG_CXX_LIBRARY = "libc++";
				CLANG_ENABLE_MODULES = YES;
				CLANG_ENABLE_OBJC_ARC = YES;
				CLANG_WARN_BOOL_CONVERSION = YES;
				CLANG_WARN_CONSTANT_CONVERSION = YES;
				CLANG_WARN_DIRECT_OBJC_ISA_USAGE = YES_ERROR;
				CLANG_WARN_DOCUMENTATION_COMMENTS = YES;
				CLANG_WARN_EMPTY_BODY = YES;
				CLANG_WARN_ENUM_CONVERSION = YES;
				CLANG_WARN_INFINITE_RECURSION = YES;
				CLANG_WARN_INT_CONVERSION = YES;
				CLANG_WARN_OBJC_ROOT_CLASS = YES_ERROR;
				CLANG_WARN_SUSPICIOUS_MOVE = YES;
				CLANG_WARN_UNREACHABLE_CODE = YES;
				CLANG_WARN__DUPLICATE_METHOD_MATCH = YES;
				CODE_SIGN_IDENTITY = "-";
				COPY_PHASE_STRIP = NO;
				DEBUG_INFORMATION_FORMAT = "dwarf-with-dsym";
				ENABLE_NS_ASSERTIONS = NO;
				ENABLE_STRICT_OBJC_MSGSEND = YES;
				GCC_C_LANGUAGE_STANDARD = gnu99;
				GCC_NO_COMMON_BLOCKS = YES;
				GCC_WARN_64_TO_32_BIT_CONVERSION = YES;
				GCC_WARN_ABOUT_RETURN_TYPE = YES_ERROR;
				GCC_WARN_UNDECLARED_SELECTOR = YES;
				GCC_WARN_UNINITIALIZED_AUTOS = YES_AGGRESSIVE;
				GCC_WARN_UNUSED_FUNCTION = YES;
				GCC_WARN_UNUSED_VARIABLE = YES;
				MACOSX_DEPLOYMENT_TARGET = 10.12;
				MTL_ENABLE_DEBUG_INFO = NO;
				SDKROOT = macosx;
			};
			name = Release;
		};
		D5AF6B9A3AB6BB19EEA4A778 /* Release */ = {
			isa = XCBuildConfiguration;
			baseConfigurationReference = B14FE5F50AF5F447D4C802DB /* Pods-ChromeChainConsole.release.xcconfig */;
			buildSettings = {
				GCC_PREPROCESSOR_DEFINITIONS = "TEST_FILES_PATH=$(SRCROOT)/$(PROJECT_NAME)/$(TARGET_NAME)/test_files";
				PRODUCT_NAME = "$(TARGET_NAME)";
			};
			name = Release;
		};
/* End XCBuildConfiguration section */

/* Begin XCConfigurationList section */
		333E304F1E7FF41400C834CB /* Build configuration list for PBXNativeTarget "ChromeCrypto" */ = {
			isa = XCConfigurationList;
			buildConfigurations = (
				333E304D1E7FF41400C834CB /* Debug */,
				333E304E1E7FF41400C834CB /* Release */,
			);
			defaultConfigurationIsVisible = 0;
		};
		D5AF606AC7AF66244AB81D78 /* Build configuration list for PBXNativeTarget "ChromeChainConsole" */ = {
			isa = XCConfigurationList;
			buildConfigurations = (
				D5AF6745A4BEC7E35046E54B /* Debug */,
				D5AF6B9A3AB6BB19EEA4A778 /* Release */,
			);
			defaultConfigurationIsVisible = 0;
			defaultConfigurationName = Release;
		};
		D5AF69966A7D39D5951EA26A /* Build configuration list for PBXProject "ChromeChain" */ = {
			isa = XCConfigurationList;
			buildConfigurations = (
				D5AF61997A030E6CD1B2F351 /* Debug */,
				D5AF678B4F126CA40CDA71B8 /* Release */,
			);
			defaultConfigurationIsVisible = 0;
			defaultConfigurationName = Release;
		};
/* End XCConfigurationList section */
	};
	rootObject = D5AF60DB0CA4547E0400A7C9 /* Project object */;
}
